
Microsoft Visual Studio Solution File, Format Version 12.00
# Visual Studio Version 17
VisualStudioVersion = 17.11.35327.3
MinimumVisualStudioVersion = 10.0.40219.1
Project("{FAE04EC0-301F-11D3-BF4B-00C04F79EFBC}") = "ClienteAPI", "ClienteAPI\ClienteAPI.csproj", "{4B242148-8601-47CD-A7B7-E9B500370F59}"
EndProject
Project("{FAE04EC0-301F-11D3-BF4B-00C04F79EFBC}") = "ClienteMVC", "ClienteMVC\ClienteMVC.csproj", "{5763B02A-1B6F-4F3A-AC03-1BAD2C937DAC}"
EndProject
Project("{FAE04EC0-301F-11D3-BF4B-00C04F79EFBC}") = "ClienteDominio", "ClienteDominio\ClienteDominio.csproj", "{0252F72C-C0EE-4248-9832-2AAAB7D4058E}"
EndProject
Project("{FAE04EC0-301F-11D3-BF4B-00C04F79EFBC}") = "ClienteAplicacao", "ClienteAplicacao\ClienteAplicacao.csproj", "{C8613A73-A840-4A5A-9DB2-DC6C9AD29A42}"
EndProject
Project("{FAE04EC0-301F-11D3-BF4B-00C04F79EFBC}") = "ClienteInfraestrutura", "ClienteInfraestrutura\ClienteInfraestrutura.csproj", "{2EB74BB9-875D-460E-B2B9-B02380B9CCAD}"
EndProject
Global
	GlobalSection(SolutionConfigurationPlatforms) = preSolution
		Debug|Any CPU = Debug|Any CPU
		Release|Any CPU = Release|Any CPU
	EndGlobalSection
	GlobalSection(ProjectConfigurationPlatforms) = postSolution
		{4B242148-8601-47CD-A7B7-E9B500370F59}.Debug|Any CPU.ActiveCfg = Debug|Any CPU
		{4B242148-8601-47CD-A7B7-E9B500370F59}.Debug|Any CPU.Build.0 = Debug|Any CPU
		{4B242148-8601-47CD-A7B7-E9B500370F59}.Release|Any CPU.ActiveCfg = Release|Any CPU
		{4B242148-8601-47CD-A7B7-E9B500370F59}.Release|Any CPU.Build.0 = Release|Any CPU
		{5763B02A-1B6F-4F3A-AC03-1BAD2C937DAC}.Debug|Any CPU.ActiveCfg = Debug|Any CPU
		{5763B02A-1B6F-4F3A-AC03-1BAD2C937DAC}.Debug|Any CPU.Build.0 = Debug|Any CPU
		{5763B02A-1B6F-4F3A-AC03-1BAD2C937DAC}.Release|Any CPU.ActiveCfg = Release|Any CPU
		{5763B02A-1B6F-4F3A-AC03-1BAD2C937DAC}.Release|Any CPU.Build.0 = Release|Any CPU
		{0252F72C-C0EE-4248-9832-2AAAB7D4058E}.Debug|Any CPU.ActiveCfg = Debug|Any CPU
		{0252F72C-C0EE-4248-9832-2AAAB7D4058E}.Debug|Any CPU.Build.0 = Debug|Any CPU
		{0252F72C-C0EE-4248-9832-2AAAB7D4058E}.Release|Any CPU.ActiveCfg = Release|Any CPU
		{0252F72C-C0EE-4248-9832-2AAAB7D4058E}.Release|Any CPU.Build.0 = Release|Any CPU
		{C8613A73-A840-4A5A-9DB2-DC6C9AD29A42}.Debug|Any CPU.ActiveCfg = Debug|Any CPU
		{C8613A73-A840-4A5A-9DB2-DC6C9AD29A42}.Debug|Any CPU.Build.0 = Debug|Any CPU
		{C8613A73-A840-4A5A-9DB2-DC6C9AD29A42}.Release|Any CPU.ActiveCfg = Release|Any CPU
		{C8613A73-A840-4A5A-9DB2-DC6C9AD29A42}.Release|Any CPU.Build.0 = Release|Any CPU
		{2EB74BB9-875D-460E-B2B9-B02380B9CCAD}.Debug|Any CPU.ActiveCfg = Debug|Any CPU
		{2EB74BB9-875D-460E-B2B9-B02380B9CCAD}.Debug|Any CPU.Build.0 = Debug|Any CPU
		{2EB74BB9-875D-460E-B2B9-B02380B9CCAD}.Release|Any CPU.ActiveCfg = Release|Any CPU
		{2EB74BB9-875D-460E-B2B9-B02380B9CCAD}.Release|Any CPU.Build.0 = Release|Any CPU
	EndGlobalSection
	GlobalSection(SolutionProperties) = preSolution
		HideSolutionNode = FALSE
	EndGlobalSection
	GlobalSection(ExtensibilityGlobals) = postSolution
		SolutionGuid = {2B5514B3-3BBE-4FD5-B9F4-5AD648E19480}
	EndGlobalSection
EndGlobal
